
Microsoft Visual Studio Solution File, Format Version 12.00
# Visual Studio 15
VisualStudioVersion = 15.0.28307.1340
MinimumVisualStudioVersion = 10.0.40219.1
Project("{FAE04EC0-301F-11D3-BF4B-00C04F79EFBC}") = "XrmEarth.Logger", "XrmEarth.Logger\XrmEarth.Logger.csproj", "{FCD1B2A8-0B87-4655-BF97-7FC737E44524}"
EndProject
Project("{FAE04EC0-301F-11D3-BF4B-00C04F79EFBC}") = "XrmEarth.Logger.Console", "XrmEarth.Logger.Console\XrmEarth.Logger.Console.csproj", "{F8E28D47-1B49-4EAA-8C16-623AFDEAEBD4}"
EndProject
Project("{FAE04EC0-301F-11D3-BF4B-00C04F79EFBC}") = "XrmEarth.Logger.Plugins", "XrmEarth.Logger.Plugins\XrmEarth.Logger.Plugins.csproj", "{A72135E7-5B64-47FD-A511-B00DB076F6D7}"
EndProject
Global
	GlobalSection(SolutionConfigurationPlatforms) = preSolution
		Debug|Any CPU = Debug|Any CPU
		Release|Any CPU = Release|Any CPU
	EndGlobalSection
	GlobalSection(ProjectConfigurationPlatforms) = postSolution
		{FCD1B2A8-0B87-4655-BF97-7FC737E44524}.Debug|Any CPU.ActiveCfg = Debug|Any CPU
		{FCD1B2A8-0B87-4655-BF97-7FC737E44524}.Debug|Any CPU.Build.0 = Debug|Any CPU
		{FCD1B2A8-0B87-4655-BF97-7FC737E44524}.Release|Any CPU.ActiveCfg = Release|Any CPU
		{FCD1B2A8-0B87-4655-BF97-7FC737E44524}.Release|Any CPU.Build.0 = Release|Any CPU
		{F8E28D47-1B49-4EAA-8C16-623AFDEAEBD4}.Debug|Any CPU.ActiveCfg = Debug|Any CPU
		{F8E28D47-1B49-4EAA-8C16-623AFDEAEBD4}.Debug|Any CPU.Build.0 = Debug|Any CPU
		{F8E28D47-1B49-4EAA-8C16-623AFDEAEBD4}.Release|Any CPU.ActiveCfg = Release|Any CPU
		{F8E28D47-1B49-4EAA-8C16-623AFDEAEBD4}.Release|Any CPU.Build.0 = Release|Any CPU
		{A72135E7-5B64-47FD-A511-B00DB076F6D7}.Debug|Any CPU.ActiveCfg = Debug|Any CPU
		{A72135E7-5B64-47FD-A511-B00DB076F6D7}.Debug|Any CPU.Build.0 = Debug|Any CPU
		{A72135E7-5B64-47FD-A511-B00DB076F6D7}.Release|Any CPU.ActiveCfg = Release|Any CPU
		{A72135E7-5B64-47FD-A511-B00DB076F6D7}.Release|Any CPU.Build.0 = Release|Any CPU
	EndGlobalSection
	GlobalSection(SolutionProperties) = preSolution
		HideSolutionNode = FALSE
	EndGlobalSection
	GlobalSection(ExtensibilityGlobals) = postSolution
		SolutionGuid = {457FCA57-1E2F-4932-ABF3-BCB217CF58F0}
	EndGlobalSection
EndGlobal
